github.com/go-sql-driver/mysql v1.6.0 h1:BCTh4TKNUYmOmMUcQ3IipzF5prigylS7XXjEkfCHuOE=
github.com/go-sql-driver/mysql v1.6.0/go.mod h1:DCzpHaOWr8IXmIStZouvnhqoel9Qv2LBy8hT2VhHyBg=
github.com/sijms/go-ora/v2 v2.4.28 h1:u+1MgJqqMTD93Zc/9aoLC03hD1E9KAxtegWhwj98y/Q=
github.com/sijms/go-ora/v2 v2.4.28/go.mod h1:EHxlY6x7y9HAsdfumurRfTd+v8NrEOTR3Xl4FWlH6xk=
